
Microsoft Visual Studio Solution File, Format Version 12.00
# Visual Studio 2013
VisualStudioVersion = 12.0.40629.0
MinimumVisualStudioVersion = 10.0.40219.1
Project("{FAE04EC0-301F-11D3-BF4B-00C04F79EFBC}") = "OneZeroTwoZero", "OneZeroTwoZero\OneZeroTwoZero.csproj", "{7357A3A3-A7E1-496A-963C-89C12E8D8EEF}"
EndProject
Global
	GlobalSection(SolutionConfigurationPlatforms) = preSolution
		Debug|Any CPU = Debug|Any CPU
		Release|Any CPU = Release|Any CPU
	EndGlobalSection
	GlobalSection(ProjectConfigurationPlatforms) = postSolution
		{7357A3A3-A7E1-496A-963C-89C12E8D8EEF}.Debug|Any CPU.ActiveCfg = Debug|Any CPU
		{7357A3A3-A7E1-496A-963C-89C12E8D8EEF}.Debug|Any CPU.Build.0 = Debug|Any CPU
		{7357A3A3-A7E1-496A-963C-89C12E8D8EEF}.Release|Any CPU.ActiveCfg = Release|Any CPU
		{7357A3A3-A7E1-496A-963C-89C12E8D8EEF}.Release|Any CPU.Build.0 = Release|Any CPU
	EndGlobalSection
	GlobalSection(SolutionProperties) = preSolution
		HideSolutionNode = FALSE
	EndGlobalSection
EndGlobal
